
Microsoft Visual Studio Solution File, Format Version 12.00
# Visual Studio 15
VisualStudioVersion = 15.0.27130.2027
MinimumVisualStudioVersion = 10.0.40219.1
Project("{888888A0-9F3D-457C-B088-3A5042F75D52}") = "python_data_stucture_practice", "python_data_stucture_practice\python_data_stucture_practice.pyproj", "{E17BACCE-9E3C-4D52-B321-B8FFB8ABE069}"
EndProject
Global
	GlobalSection(SolutionConfigurationPlatforms) = preSolution
		Debug|Any CPU = Debug|Any CPU
		Release|Any CPU = Release|Any CPU
	EndGlobalSection
	GlobalSection(ProjectConfigurationPlatforms) = postSolution
		{E17BACCE-9E3C-4D52-B321-B8FFB8ABE069}.Debug|Any CPU.ActiveCfg = Debug|Any CPU
		{E17BACCE-9E3C-4D52-B321-B8FFB8ABE069}.Release|Any CPU.ActiveCfg = Release|Any CPU
	EndGlobalSection
	GlobalSection(SolutionProperties) = preSolution
		HideSolutionNode = FALSE
	EndGlobalSection
	GlobalSection(ExtensibilityGlobals) = postSolution
		SolutionGuid = {6B95454F-1C94-40C7-8A9D-382BC6BFA197}
	EndGlobalSection
EndGlobal
